<?xml version="1.0" encoding="utf-8"?>
<Project ToolsVersion="4.0" xmlns="http://schemas.microsoft.com/developer/msbuild/2003">
  <ItemGroup>
    <ClCompile Include="usdi\DllMain.cpp">
      <Filter>usdi</Filter>
    </ClCompile>
    <ClCompile Include="usdi\pch.cpp">
      <Filter>usdi</Filter>
    </ClCompile>
    <ClCompile Include="usdi\UnityPlugin.cpp">
      <Filter>usdi</Filter>
    </ClCompile>
    <ClCompile Include="usdi\usdi.cpp">
      <Filter>usdi</Filter>
    </ClCompile>
    <ClCompile Include="usdi\usdiAttribute.cpp">
      <Filter>usdi</Filter>
    </ClCompile>
    <ClCompile Include="usdi\usdiCamera.cpp">
      <Filter>usdi</Filter>
    </ClCompile>
    <ClCompile Include="usdi\usdiContext.cpp">
      <Filter>usdi</Filter>
    </ClCompile>
    <ClCompile Include="usdi\usdiInternal.cpp">
      <Filter>usdi</Filter>
    </ClCompile>
    <ClCompile Include="usdi\usdiMesh.cpp">
      <Filter>usdi</Filter>
    </ClCompile>
    <ClCompile Include="usdi\usdiPoints.cpp">
      <Filter>usdi</Filter>
    </ClCompile>
    <ClCompile Include="usdi\usdiSchema.cpp">
      <Filter>usdi</Filter>
    </ClCompile>
    <ClCompile Include="usdi\usdiUnknown.cpp">
      <Filter>usdi</Filter>
    </ClCompile>
    <ClCompile Include="usdi\usdiUtils.cpp">
      <Filter>usdi</Filter>
    </ClCompile>
    <ClCompile Include="usdi\usdiXform.cpp">
      <Filter>usdi</Filter>
    </ClCompile>
    <ClCompile Include="usdi\etc\FixedAllocator.cpp">
      <Filter>usdi\etc</Filter>
    </ClCompile>
    <ClCompile Include="usdi\etc\Hook.cpp">
      <Filter>usdi\etc</Filter>
    </ClCompile>
    <ClCompile Include="usdi\etc\Mono.cpp">
      <Filter>usdi\etc</Filter>
    </ClCompile>
    <ClCompile Include="usdi\ext\usdiTask.cpp">
      <Filter>usdi\ext</Filter>
    </ClCompile>
    <ClCompile Include="usdi\ext\usdiExt.cpp">
      <Filter>usdi\ext</Filter>
    </ClCompile>
    <ClCompile Include="usdi\ext\UnityEngineBinding.cpp">
      <Filter>usdi\ext</Filter>
    </ClCompile>
    <ClCompile Include="usdi\ext\usdiComponentUpdator.cpp">
      <Filter>usdi\ext</Filter>
    </ClCompile>
    <ClCompile Include="usdi\etc\MonoWrapper.cpp">
      <Filter>usdi\etc</Filter>
    </ClCompile>
  </ItemGroup>
  <ItemGroup>
    <ClInclude Include="usdi\pch.h">
      <Filter>usdi</Filter>
    </ClInclude>
    <ClInclude Include="usdi\usdi.h">
      <Filter>usdi</Filter>
    </ClInclude>
    <ClInclude Include="usdi\usdiAttribute.h">
      <Filter>usdi</Filter>
    </ClInclude>
    <ClInclude Include="usdi\usdiCamera.h">
      <Filter>usdi</Filter>
    </ClInclude>
    <ClInclude Include="usdi\usdiContext.h">
      <Filter>usdi</Filter>
    </ClInclude>
    <ClInclude Include="usdi\usdiInternal.h">
      <Filter>usdi</Filter>
    </ClInclude>
    <ClInclude Include="usdi\usdiMesh.h">
      <Filter>usdi</Filter>
    </ClInclude>
    <ClInclude Include="usdi\usdiPoints.h">
      <Filter>usdi</Filter>
    </ClInclude>
    <ClInclude Include="usdi\usdiSchema.h">
      <Filter>usdi</Filter>
    </ClInclude>
    <ClInclude Include="usdi\usdiUnknown.h">
      <Filter>usdi</Filter>
    </ClInclude>
    <ClInclude Include="usdi\usdiUtils.h">
      <Filter>usdi</Filter>
    </ClInclude>
    <ClInclude Include="usdi\usdiXform.h">
      <Filter>usdi</Filter>
    </ClInclude>
    <ClInclude Include="usdi\etc\FixedAllocator.h">
      <Filter>usdi\etc</Filter>
    </ClInclude>
    <ClInclude Include="usdi\etc\HandleBasedVector.h">
      <Filter>usdi\etc</Filter>
    </ClInclude>
    <ClInclude Include="usdi\etc\Hook.h">
      <Filter>usdi\etc</Filter>
    </ClInclude>
    <ClInclude Include="usdi\etc\RawVector.h">
      <Filter>usdi\etc</Filter>
    </ClInclude>
    <ClInclude Include="usdi\etc\Mono.h">
      <Filter>usdi\etc</Filter>
    </ClInclude>
    <ClInclude Include="usdi\usdiConfig.h">
      <Filter>usdi</Filter>
    </ClInclude>
    <ClInclude Include="usdi\ext\usdiTask.h">
      <Filter>usdi\ext</Filter>
    </ClInclude>
    <ClInclude Include="usdi\ext\usdiExt.h">
      <Filter>usdi\ext</Filter>
    </ClInclude>
    <ClInclude Include="usdi\ext\UnityEngineBinding.h">
      <Filter>usdi\ext</Filter>
    </ClInclude>
    <ClInclude Include="usdi\ext\usdiComponentUpdator.h">
      <Filter>usdi\ext</Filter>
    </ClInclude>
    <ClInclude Include="usdi\etc\MonoWrapper.h">
      <Filter>usdi\etc</Filter>
    </ClInclude>
  </ItemGroup>
  <ItemGroup>
    <Text Include="CMakeLists.txt" />
  </ItemGroup>
  <ItemGroup>
    <Filter Include="usdi">
      <UniqueIdentifier>{7801ffd4-65bf-4046-bd17-d359e8166995}</UniqueIdentifier>
    </Filter>
    <Filter Include="usdi\etc">
      <UniqueIdentifier>{84d7067e-6181-4ecb-8758-b37e30d27984}</UniqueIdentifier>
    </Filter>
    <Filter Include="usdi\ext">
      <UniqueIdentifier>{5f320d52-1147-481f-b80b-db53ab052345}</UniqueIdentifier>
    </Filter>
  </ItemGroup>
</Project>