
Microsoft Visual Studio Solution File, Format Version 12.00
# Visual Studio 14
VisualStudioVersion = 14.0.25420.1
MinimumVisualStudioVersion = 10.0.40219.1
Project("{8BC9CEB8-8B4A-11D0-8D11-00A0C91BC942}") = "usdi", "usdi.vcxproj", "{08361722-5520-47AC-A0C2-31E8A062B73F}"
EndProject
Project("{2150E333-8FDC-42A3-9474-1A3956D46DE8}") = "Test", "Test", "{E6D71B6A-A12A-4818-9933-0D43DC6A5C9F}"
EndProject
Project("{8BC9CEB8-8B4A-11D0-8D11-00A0C91BC942}") = "usdiTestImport", "Test\usdiTestImport.vcxproj", "{B0B40791-0679-4CFC-AF9F-CD547CCE6161}"
EndProject
Project("{8BC9CEB8-8B4A-11D0-8D11-00A0C91BC942}") = "usdiTestExport", "Test\usdiTestExport.vcxproj", "{11990C37-1C63-418F-9AB1-74076C470584}"
EndProject
Project("{8BC9CEB8-8B4A-11D0-8D11-00A0C91BC942}") = "AddDLLSearchPath", "AddDLLSearchPath.vcxproj", "{66397903-6FF2-46C6-B51E-B323FD248FAD}"
EndProject
Project("{8BC9CEB8-8B4A-11D0-8D11-00A0C91BC942}") = "GraphicsInterface", "GraphicsInterface.vcxproj", "{29751262-3A23-4CF5-9DEC-8D11AFF02599}"
EndProject
Global
	GlobalSection(SolutionConfigurationPlatforms) = preSolution
		Debug|x64 = Debug|x64
		Debug|x86 = Debug|x86
		Master|x64 = Master|x64
		Master|x86 = Master|x86
	EndGlobalSection
	GlobalSection(ProjectConfigurationPlatforms) = postSolution
		{08361722-5520-47AC-A0C2-31E8A062B73F}.Debug|x64.ActiveCfg = Debug|x64
		{08361722-5520-47AC-A0C2-31E8A062B73F}.Debug|x64.Build.0 = Debug|x64
		{08361722-5520-47AC-A0C2-31E8A062B73F}.Debug|x86.ActiveCfg = Debug|x64
		{08361722-5520-47AC-A0C2-31E8A062B73F}.Master|x64.ActiveCfg = Master|x64
		{08361722-5520-47AC-A0C2-31E8A062B73F}.Master|x64.Build.0 = Master|x64
		{08361722-5520-47AC-A0C2-31E8A062B73F}.Master|x86.ActiveCfg = Master|x64
		{B0B40791-0679-4CFC-AF9F-CD547CCE6161}.Debug|x64.ActiveCfg = Debug|x64
		{B0B40791-0679-4CFC-AF9F-CD547CCE6161}.Debug|x64.Build.0 = Debug|x64
		{B0B40791-0679-4CFC-AF9F-CD547CCE6161}.Debug|x86.ActiveCfg = Debug|x64
		{B0B40791-0679-4CFC-AF9F-CD547CCE6161}.Master|x64.ActiveCfg = Master|x64
		{B0B40791-0679-4CFC-AF9F-CD547CCE6161}.Master|x64.Build.0 = Master|x64
		{B0B40791-0679-4CFC-AF9F-CD547CCE6161}.Master|x86.ActiveCfg = Master|x64
		{11990C37-1C63-418F-9AB1-74076C470584}.Debug|x64.ActiveCfg = Debug|x64
		{11990C37-1C63-418F-9AB1-74076C470584}.Debug|x64.Build.0 = Debug|x64
		{11990C37-1C63-418F-9AB1-74076C470584}.Debug|x86.ActiveCfg = Debug|x64
		{11990C37-1C63-418F-9AB1-74076C470584}.Master|x64.ActiveCfg = Master|x64
		{11990C37-1C63-418F-9AB1-74076C470584}.Master|x64.Build.0 = Master|x64
		{11990C37-1C63-418F-9AB1-74076C470584}.Master|x86.ActiveCfg = Master|x64
		{66397903-6FF2-46C6-B51E-B323FD248FAD}.Debug|x64.ActiveCfg = Debug|x64
		{66397903-6FF2-46C6-B51E-B323FD248FAD}.Debug|x64.Build.0 = Debug|x64
		{66397903-6FF2-46C6-B51E-B323FD248FAD}.Debug|x86.ActiveCfg = Debug|Win32
		{66397903-6FF2-46C6-B51E-B323FD248FAD}.Debug|x86.Build.0 = Debug|Win32
		{66397903-6FF2-46C6-B51E-B323FD248FAD}.Master|x64.ActiveCfg = Master|x64
		{66397903-6FF2-46C6-B51E-B323FD248FAD}.Master|x64.Build.0 = Master|x64
		{66397903-6FF2-46C6-B51E-B323FD248FAD}.Master|x86.ActiveCfg = Master|Win32
		{66397903-6FF2-46C6-B51E-B323FD248FAD}.Master|x86.Build.0 = Master|Win32
		{29751262-3A23-4CF5-9DEC-8D11AFF02599}.Debug|x64.ActiveCfg = Debug|x64
		{29751262-3A23-4CF5-9DEC-8D11AFF02599}.Debug|x64.Build.0 = Debug|x64
		{29751262-3A23-4CF5-9DEC-8D11AFF02599}.Debug|x86.ActiveCfg = Debug|Win32
		{29751262-3A23-4CF5-9DEC-8D11AFF02599}.Debug|x86.Build.0 = Debug|Win32
		{29751262-3A23-4CF5-9DEC-8D11AFF02599}.Master|x64.ActiveCfg = Master|x64
		{29751262-3A23-4CF5-9DEC-8D11AFF02599}.Master|x64.Build.0 = Master|x64
		{29751262-3A23-4CF5-9DEC-8D11AFF02599}.Master|x86.ActiveCfg = Master|Win32
		{29751262-3A23-4CF5-9DEC-8D11AFF02599}.Master|x86.Build.0 = Master|Win32
	EndGlobalSection
	GlobalSection(SolutionProperties) = preSolution
		HideSolutionNode = FALSE
	EndGlobalSection
	GlobalSection(NestedProjects) = preSolution
		{B0B40791-0679-4CFC-AF9F-CD547CCE6161} = {E6D71B6A-A12A-4818-9933-0D43DC6A5C9F}
		{11990C37-1C63-418F-9AB1-74076C470584} = {E6D71B6A-A12A-4818-9933-0D43DC6A5C9F}
	EndGlobalSection
EndGlobal
