<?xml version="1.0" encoding="utf-8"?>
<Project ToolsVersion="4.0" xmlns="http://schemas.microsoft.com/developer/msbuild/2003">
  <ItemGroup>
    <ClCompile Include="usdi\pch.cpp">
      <Filter>usdi</Filter>
    </ClCompile>
    <ClCompile Include="usdi\usdi.cpp">
      <Filter>usdi</Filter>
    </ClCompile>
    <ClCompile Include="usdi\usdiAttribute.cpp">
      <Filter>usdi</Filter>
    </ClCompile>
    <ClCompile Include="usdi\usdiCamera.cpp">
      <Filter>usdi</Filter>
    </ClCompile>
    <ClCompile Include="usdi\usdiContext.cpp">
      <Filter>usdi</Filter>
    </ClCompile>
    <ClCompile Include="usdi\usdiInternal.cpp">
      <Filter>usdi</Filter>
    </ClCompile>
    <ClCompile Include="usdi\usdiMesh.cpp">
      <Filter>usdi</Filter>
    </ClCompile>
    <ClCompile Include="usdi\usdiPoints.cpp">
      <Filter>usdi</Filter>
    </ClCompile>
    <ClCompile Include="usdi\usdiSchema.cpp">
      <Filter>usdi</Filter>
    </ClCompile>
    <ClCompile Include="usdi\usdiUtils.cpp">
      <Filter>usdi</Filter>
    </ClCompile>
    <ClCompile Include="usdi\usdiXform.cpp">
      <Filter>usdi</Filter>
    </ClCompile>
    <ClCompile Include="usdi\ext\usdiExt.cpp">
      <Filter>usdi\ext</Filter>
    </ClCompile>
    <ClCompile Include="usdi\Foundation\aiMath.cpp">
      <Filter>usdi\Foundation</Filter>
    </ClCompile>
    <ClCompile Include="usdi\Foundation\aiMeshOps.cpp">
      <Filter>usdi\Foundation</Filter>
    </ClCompile>
    <ClCompile Include="usdi\Foundation\Allocator.cpp">
      <Filter>usdi\Foundation</Filter>
    </ClCompile>
  </ItemGroup>
  <ItemGroup>
    <ClInclude Include="usdi\pch.h">
      <Filter>usdi</Filter>
    </ClInclude>
    <ClInclude Include="usdi\usdi.h">
      <Filter>usdi</Filter>
    </ClInclude>
    <ClInclude Include="usdi\usdiAttribute.h">
      <Filter>usdi</Filter>
    </ClInclude>
    <ClInclude Include="usdi\usdiCamera.h">
      <Filter>usdi</Filter>
    </ClInclude>
    <ClInclude Include="usdi\usdiContext.h">
      <Filter>usdi</Filter>
    </ClInclude>
    <ClInclude Include="usdi\usdiInternal.h">
      <Filter>usdi</Filter>
    </ClInclude>
    <ClInclude Include="usdi\usdiMesh.h">
      <Filter>usdi</Filter>
    </ClInclude>
    <ClInclude Include="usdi\usdiPoints.h">
      <Filter>usdi</Filter>
    </ClInclude>
    <ClInclude Include="usdi\usdiSchema.h">
      <Filter>usdi</Filter>
    </ClInclude>
    <ClInclude Include="usdi\usdiUtils.h">
      <Filter>usdi</Filter>
    </ClInclude>
    <ClInclude Include="usdi\usdiXform.h">
      <Filter>usdi</Filter>
    </ClInclude>
    <ClInclude Include="usdi\usdiConfig.h">
      <Filter>usdi</Filter>
    </ClInclude>
    <ClInclude Include="usdi\ext\usdiExt.h">
      <Filter>usdi\ext</Filter>
    </ClInclude>
    <ClInclude Include="usdi\etc\Platform.h">
      <Filter>usdi\etc</Filter>
    </ClInclude>
    <ClInclude Include="usdi\usdiVectorConversion.h">
      <Filter>usdi</Filter>
    </ClInclude>
    <ClInclude Include="usdi\Foundation\RawVector.h">
      <Filter>usdi\Foundation</Filter>
    </ClInclude>
    <ClInclude Include="usdi\Foundation\aiIntrusiveArray.h">
      <Filter>usdi\Foundation</Filter>
    </ClInclude>
    <ClInclude Include="usdi\Foundation\aiIterator.h">
      <Filter>usdi\Foundation</Filter>
    </ClInclude>
    <ClInclude Include="usdi\Foundation\aiMath.h">
      <Filter>usdi\Foundation</Filter>
    </ClInclude>
    <ClInclude Include="usdi\Foundation\aiMeshOps.h">
      <Filter>usdi\Foundation</Filter>
    </ClInclude>
    <ClInclude Include="usdi\Foundation\aiMisc.h">
      <Filter>usdi\Foundation</Filter>
    </ClInclude>
    <ClInclude Include="usdi\Foundation\Allocator.h">
      <Filter>usdi\Foundation</Filter>
    </ClInclude>
    <ClInclude Include="usdi\Foundation\ispcmath.h">
      <Filter>usdi\Foundation</Filter>
    </ClInclude>
  </ItemGroup>
  <ItemGroup>
    <Text Include="CMakeLists.txt" />
  </ItemGroup>
  <ItemGroup>
    <Filter Include="usdi">
      <UniqueIdentifier>{7801ffd4-65bf-4046-bd17-d359e8166995}</UniqueIdentifier>
    </Filter>
    <Filter Include="usdi\etc">
      <UniqueIdentifier>{84d7067e-6181-4ecb-8758-b37e30d27984}</UniqueIdentifier>
    </Filter>
    <Filter Include="usdi\ext">
      <UniqueIdentifier>{5f320d52-1147-481f-b80b-db53ab052345}</UniqueIdentifier>
    </Filter>
    <Filter Include="usdi\Foundation">
      <UniqueIdentifier>{f5c88c0c-ef9a-450b-8089-6c273edd41e3}</UniqueIdentifier>
    </Filter>
  </ItemGroup>
  <ItemGroup>
    <CustomBuild Include="usdi\Foundation\aiSIMD.ispc">
      <Filter>usdi\Foundation</Filter>
    </CustomBuild>
  </ItemGroup>
</Project>